
Microsoft Visual Studio Solution File, Format Version 12.00
# Visual Studio Version 17
VisualStudioVersion = 17.3.32901.215
MinimumVisualStudioVersion = 10.0.40219.1
Project("{FAE04EC0-301F-11D3-BF4B-00C04F79EFBC}") = "HackTheNorth", "HackTheNorth\HackTheNorth.csproj", "{CD1B5CF1-B29F-4FF1-92B4-DA29FC1C915F}"
EndProject
Global
	GlobalSection(SolutionConfigurationPlatforms) = preSolution
		Debug|Any CPU = Debug|Any CPU
		Release|Any CPU = Release|Any CPU
	EndGlobalSection
	GlobalSection(ProjectConfigurationPlatforms) = postSolution
		{CD1B5CF1-B29F-4FF1-92B4-DA29FC1C915F}.Debug|Any CPU.ActiveCfg = Debug|Any CPU
		{CD1B5CF1-B29F-4FF1-92B4-DA29FC1C915F}.Debug|Any CPU.Build.0 = Debug|Any CPU
		{CD1B5CF1-B29F-4FF1-92B4-DA29FC1C915F}.Release|Any CPU.ActiveCfg = Release|Any CPU
		{CD1B5CF1-B29F-4FF1-92B4-DA29FC1C915F}.Release|Any CPU.Build.0 = Release|Any CPU
	EndGlobalSection
	GlobalSection(SolutionProperties) = preSolution
		HideSolutionNode = FALSE
	EndGlobalSection
	GlobalSection(ExtensibilityGlobals) = postSolution
		SolutionGuid = {72E72BD1-7984-4005-9D88-EBEC1949CAE6}
	EndGlobalSection
EndGlobal
